SITE
  remote: http://community.opscode.com/api/v1
  specs:
    build-essential (1.1.2)
    dmg (1.0.0)
    git (1.0.0)
      dmg (>= 0.0.0)
      runit (>= 0.0.0)
      yum (>= 0.0.0)
    runit (0.15.0)
    yum (0.8.2)

PATH
  remote: .
  specs:
    ps2dev (1.0.1)
      build-essential (>= 0.0.0)
      git (= 1.0.0)

DEPENDENCIES
  ps2dev (>= 0)

